
Microsoft Visual Studio Solution File, Format Version 12.00
# Visual Studio Version 17
VisualStudioVersion = 17.0.31912.275
MinimumVisualStudioVersion = 10.0.40219.1
Project("{2150E333-8FDC-42A3-9474-1A3956D46DE8}") = "API", "API", "{17375450-266A-4B4D-B61E-F26526221822}"
EndProject
Project("{9A19103F-16F7-4668-BE54-9A1E7A4F7556}") = "API", "API\API.csproj", "{0D423703-9681-4EC4-A0CA-C40848A6BBEB}"
EndProject
Project("{2150E333-8FDC-42A3-9474-1A3956D46DE8}") = "Core", "Core", "{64750D0A-24E5-47D4-B5A1-4CE1EBE57EE7}"
EndProject
Project("{2150E333-8FDC-42A3-9474-1A3956D46DE8}") = "Infrastructure", "Infrastructure", "{57F685A2-128F-467B-AA35-A87287AC2D7A}"
EndProject
Project("{2150E333-8FDC-42A3-9474-1A3956D46DE8}") = "Shared", "Shared", "{B77DB236-39F7-4196-8C5B-D840BCB27492}"
EndProject
Project("{2150E333-8FDC-42A3-9474-1A3956D46DE8}") = "Tests", "Tests", "{CAA7B4AA-7EFD-4A93-BBDB-9BD96EB424D9}"
EndProject
Project("{FAE04EC0-301F-11D3-BF4B-00C04F79EFBC}") = "Application", "Application\Application.csproj", "{3AD0291E-4B4F-44D4-9CC5-DC7DF7E2FC76}"
EndProject
Project("{FAE04EC0-301F-11D3-BF4B-00C04F79EFBC}") = "Domain", "Domain\Domain.csproj", "{07542637-A222-4A9C-8A33-9006C18FCC49}"
EndProject
Project("{FAE04EC0-301F-11D3-BF4B-00C04F79EFBC}") = "IoC", "IoC\IoC.csproj", "{0294E0EA-074D-459F-8092-924B08096F83}"
EndProject
Project("{FAE04EC0-301F-11D3-BF4B-00C04F79EFBC}") = "Repository", "Repository\Repository.csproj", "{8886291F-A2FE-4258-B59E-2AF27D02D3C4}"
EndProject
Project("{FAE04EC0-301F-11D3-BF4B-00C04F79EFBC}") = "Repository.Configuration", "Repository.Configuration\Repository.Configuration.csproj", "{1680EE21-AF4E-4412-88D1-5BD5D0465B0D}"
EndProject
Project("{FAE04EC0-301F-11D3-BF4B-00C04F79EFBC}") = "Adapters", "Adapters\Adapters.csproj", "{68FA94A5-C1BB-434B-95DF-0CC7EFB557E4}"
EndProject
Project("{FAE04EC0-301F-11D3-BF4B-00C04F79EFBC}") = "DTO", "DTO\DTO.csproj", "{36EE00FA-6407-4141-868A-3F02B8BE259F}"
EndProject
Project("{FAE04EC0-301F-11D3-BF4B-00C04F79EFBC}") = "Domain.Test", "Domain.Test\Domain.Test.csproj", "{4F29767D-1CAE-44E9-9B2B-4631C4C8A836}"
EndProject
Project("{FAE04EC0-301F-11D3-BF4B-00C04F79EFBC}") = "Application.Test", "Application.Test\Application.Test.csproj", "{BAE9FEA1-432D-4C68-B0CB-379E3D355A5C}"
EndProject
Project("{FAE04EC0-301F-11D3-BF4B-00C04F79EFBC}") = "API.Test", "API.Test\API.Test.csproj", "{A4C44E32-987E-4770-8662-6D25E7D7A797}"
EndProject
Global
	GlobalSection(SolutionConfigurationPlatforms) = preSolution
		Debug|Any CPU = Debug|Any CPU
		Release|Any CPU = Release|Any CPU
	EndGlobalSection
	GlobalSection(ProjectConfigurationPlatforms) = postSolution
		{0D423703-9681-4EC4-A0CA-C40848A6BBEB}.Debug|Any CPU.ActiveCfg = Debug|Any CPU
		{0D423703-9681-4EC4-A0CA-C40848A6BBEB}.Debug|Any CPU.Build.0 = Debug|Any CPU
		{0D423703-9681-4EC4-A0CA-C40848A6BBEB}.Release|Any CPU.ActiveCfg = Release|Any CPU
		{0D423703-9681-4EC4-A0CA-C40848A6BBEB}.Release|Any CPU.Build.0 = Release|Any CPU
		{3AD0291E-4B4F-44D4-9CC5-DC7DF7E2FC76}.Debug|Any CPU.ActiveCfg = Debug|Any CPU
		{3AD0291E-4B4F-44D4-9CC5-DC7DF7E2FC76}.Debug|Any CPU.Build.0 = Debug|Any CPU
		{3AD0291E-4B4F-44D4-9CC5-DC7DF7E2FC76}.Release|Any CPU.ActiveCfg = Release|Any CPU
		{3AD0291E-4B4F-44D4-9CC5-DC7DF7E2FC76}.Release|Any CPU.Build.0 = Release|Any CPU
		{07542637-A222-4A9C-8A33-9006C18FCC49}.Debug|Any CPU.ActiveCfg = Debug|Any CPU
		{07542637-A222-4A9C-8A33-9006C18FCC49}.Debug|Any CPU.Build.0 = Debug|Any CPU
		{07542637-A222-4A9C-8A33-9006C18FCC49}.Release|Any CPU.ActiveCfg = Release|Any CPU
		{07542637-A222-4A9C-8A33-9006C18FCC49}.Release|Any CPU.Build.0 = Release|Any CPU
		{0294E0EA-074D-459F-8092-924B08096F83}.Debug|Any CPU.ActiveCfg = Debug|Any CPU
		{0294E0EA-074D-459F-8092-924B08096F83}.Debug|Any CPU.Build.0 = Debug|Any CPU
		{0294E0EA-074D-459F-8092-924B08096F83}.Release|Any CPU.ActiveCfg = Release|Any CPU
		{0294E0EA-074D-459F-8092-924B08096F83}.Release|Any CPU.Build.0 = Release|Any CPU
		{8886291F-A2FE-4258-B59E-2AF27D02D3C4}.Debug|Any CPU.ActiveCfg = Debug|Any CPU
		{8886291F-A2FE-4258-B59E-2AF27D02D3C4}.Debug|Any CPU.Build.0 = Debug|Any CPU
		{8886291F-A2FE-4258-B59E-2AF27D02D3C4}.Release|Any CPU.ActiveCfg = Release|Any CPU
		{8886291F-A2FE-4258-B59E-2AF27D02D3C4}.Release|Any CPU.Build.0 = Release|Any CPU
		{1680EE21-AF4E-4412-88D1-5BD5D0465B0D}.Debug|Any CPU.ActiveCfg = Debug|Any CPU
		{1680EE21-AF4E-4412-88D1-5BD5D0465B0D}.Debug|Any CPU.Build.0 = Debug|Any CPU
		{1680EE21-AF4E-4412-88D1-5BD5D0465B0D}.Release|Any CPU.ActiveCfg = Release|Any CPU
		{1680EE21-AF4E-4412-88D1-5BD5D0465B0D}.Release|Any CPU.Build.0 = Release|Any CPU
		{68FA94A5-C1BB-434B-95DF-0CC7EFB557E4}.Debug|Any CPU.ActiveCfg = Debug|Any CPU
		{68FA94A5-C1BB-434B-95DF-0CC7EFB557E4}.Debug|Any CPU.Build.0 = Debug|Any CPU
		{68FA94A5-C1BB-434B-95DF-0CC7EFB557E4}.Release|Any CPU.ActiveCfg = Release|Any CPU
		{68FA94A5-C1BB-434B-95DF-0CC7EFB557E4}.Release|Any CPU.Build.0 = Release|Any CPU
		{36EE00FA-6407-4141-868A-3F02B8BE259F}.Debug|Any CPU.ActiveCfg = Debug|Any CPU
		{36EE00FA-6407-4141-868A-3F02B8BE259F}.Debug|Any CPU.Build.0 = Debug|Any CPU
		{36EE00FA-6407-4141-868A-3F02B8BE259F}.Release|Any CPU.ActiveCfg = Release|Any CPU
		{36EE00FA-6407-4141-868A-3F02B8BE259F}.Release|Any CPU.Build.0 = Release|Any CPU
		{4F29767D-1CAE-44E9-9B2B-4631C4C8A836}.Debug|Any CPU.ActiveCfg = Debug|Any CPU
		{4F29767D-1CAE-44E9-9B2B-4631C4C8A836}.Debug|Any CPU.Build.0 = Debug|Any CPU
		{4F29767D-1CAE-44E9-9B2B-4631C4C8A836}.Release|Any CPU.ActiveCfg = Release|Any CPU
		{4F29767D-1CAE-44E9-9B2B-4631C4C8A836}.Release|Any CPU.Build.0 = Release|Any CPU
		{BAE9FEA1-432D-4C68-B0CB-379E3D355A5C}.Debug|Any CPU.ActiveCfg = Debug|Any CPU
		{BAE9FEA1-432D-4C68-B0CB-379E3D355A5C}.Debug|Any CPU.Build.0 = Debug|Any CPU
		{BAE9FEA1-432D-4C68-B0CB-379E3D355A5C}.Release|Any CPU.ActiveCfg = Release|Any CPU
		{BAE9FEA1-432D-4C68-B0CB-379E3D355A5C}.Release|Any CPU.Build.0 = Release|Any CPU
		{A4C44E32-987E-4770-8662-6D25E7D7A797}.Debug|Any CPU.ActiveCfg = Debug|Any CPU
		{A4C44E32-987E-4770-8662-6D25E7D7A797}.Debug|Any CPU.Build.0 = Debug|Any CPU
		{A4C44E32-987E-4770-8662-6D25E7D7A797}.Release|Any CPU.ActiveCfg = Release|Any CPU
		{A4C44E32-987E-4770-8662-6D25E7D7A797}.Release|Any CPU.Build.0 = Release|Any CPU
	EndGlobalSection
	GlobalSection(SolutionProperties) = preSolution
		HideSolutionNode = FALSE
	EndGlobalSection
	GlobalSection(NestedProjects) = preSolution
		{0D423703-9681-4EC4-A0CA-C40848A6BBEB} = {17375450-266A-4B4D-B61E-F26526221822}
		{3AD0291E-4B4F-44D4-9CC5-DC7DF7E2FC76} = {64750D0A-24E5-47D4-B5A1-4CE1EBE57EE7}
		{07542637-A222-4A9C-8A33-9006C18FCC49} = {64750D0A-24E5-47D4-B5A1-4CE1EBE57EE7}
		{0294E0EA-074D-459F-8092-924B08096F83} = {57F685A2-128F-467B-AA35-A87287AC2D7A}
		{8886291F-A2FE-4258-B59E-2AF27D02D3C4} = {57F685A2-128F-467B-AA35-A87287AC2D7A}
		{1680EE21-AF4E-4412-88D1-5BD5D0465B0D} = {57F685A2-128F-467B-AA35-A87287AC2D7A}
		{68FA94A5-C1BB-434B-95DF-0CC7EFB557E4} = {B77DB236-39F7-4196-8C5B-D840BCB27492}
		{36EE00FA-6407-4141-868A-3F02B8BE259F} = {B77DB236-39F7-4196-8C5B-D840BCB27492}
		{4F29767D-1CAE-44E9-9B2B-4631C4C8A836} = {CAA7B4AA-7EFD-4A93-BBDB-9BD96EB424D9}
		{BAE9FEA1-432D-4C68-B0CB-379E3D355A5C} = {CAA7B4AA-7EFD-4A93-BBDB-9BD96EB424D9}
		{A4C44E32-987E-4770-8662-6D25E7D7A797} = {CAA7B4AA-7EFD-4A93-BBDB-9BD96EB424D9}
	EndGlobalSection
	GlobalSection(ExtensibilityGlobals) = postSolution
		SolutionGuid = {E57494E0-AA85-480A-98F5-86B23525EC5B}
	EndGlobalSection
EndGlobal
